# This file is autogenerated, do not edit; changes may be undone by the next 'dep ensure'.


[[projects]]
  branch = "master"
  digest = "1:b5dfeddc02b13041ecb0041d028c5f2c4a6e780168e8da899c4432c21e1e3654"
  name = "github.com/aeden/traceroute"
  packages = ["."]
  pruneopts = "UT"
  revision = "147686d9cb0fd32a2e577e94fbd3d0e9bd3a24d2"

[solve-meta]
  analyzer-name = "dep"
  analyzer-version = 1
  input-imports = ["github.com/aeden/traceroute"]
  solver-name = "gps-cdcl"
  solver-version = 1
