# This file is autogenerated, do not edit; changes may be undone by the next 'dep ensure'.


[[projects]]
  branch = "master"
  name = "github.com/aeden/traceroute"
  packages = ["."]
  revision = "147686d9cb0fd32a2e577e94fbd3d0e9bd3a24d2"

[solve-meta]
  analyzer-name = "dep"
  analyzer-version = 1
  inputs-digest = "7cca48f18c549d536a67ae0bd8ab25834524fe9d90b46c3a7b06b4ede38add0b"
  solver-name = "gps-cdcl"
  solver-version = 1
