# This file is autogenerated, do not edit; changes may be undone by the next 'dep ensure'.


[[projects]]
  branch = "master"
  digest = "1:805e2bfb7e6b4575c1a83799b5d1846031a13e40024502bde3fbfe4936fa11c0"
  name = "github.com/aeden/traceroute"
  packages = ["."]
  pruneopts = "UT"
  revision = "ae2abf0a43c93d78edae54d460c58cdc80634563"

[solve-meta]
  analyzer-name = "dep"
  analyzer-version = 1
  input-imports = ["github.com/aeden/traceroute"]
  solver-name = "gps-cdcl"
  solver-version = 1
